# This file is automatically @generated by Cargo.
# It is not intended for manual editing.
version = 4

[[package]]
name = "ravn-agent"
version = "0.0.0"
dependencies = [
 "ravn-core",
]

[[package]]
name = "ravn-core"
version = "0.0.0"

[[package]]
name = "ravn-server"
version = "0.0.0"
dependencies = [
 "ravn-core",
]
